// !$*UTF8*$!
{
	archiveVersion = 1;
	classes = {
	};
	objectVersion = 46;
	objects = {

/* Begin PBXBuildFile section */
		1ED434791CB8312400978AE0 /* StartScreenViewController.swift in Sources */ = {isa = PBXBuildFile; fileRef = 1ED434781CB8312400978AE0 /* StartScreenViewController.swift */; };
		1ED503361CA0737B00F89A79 /* AppDelegate.swift in Sources */ = {isa = PBXBuildFile; fileRef = 1ED503351CA0737B00F89A79 /* AppDelegate.swift */; };
		1ED503381CA0737B00F89A79 /* ViewController.swift in Sources */ = {isa = PBXBuildFile; fileRef = 1ED503371CA0737B00F89A79 /* ViewController.swift */; };
		1ED5033B1CA0737B00F89A79 /* Main.storyboard in Resources */ = {isa = PBXBuildFile; fileRef = 1ED503391CA0737B00F89A79 /* Main.storyboard */; };
		1ED5033D1CA0737B00F89A79 /* Assets.xcassets in Resources */ = {isa = PBXBuildFile; fileRef = 1ED5033C1CA0737B00F89A79 /* Assets.xcassets */; };
		1ED503401CA0737B00F89A79 /* LaunchScreen.storyboard in Resources */ = {isa = PBXBuildFile; fileRef = 1ED5033E1CA0737B00F89A79 /* LaunchScreen.storyboard */; };
		1ED5034B1CA0737B00F89A79 /* retro_calcTests.swift in Sources */ = {isa = PBXBuildFile; fileRef = 1ED5034A1CA0737B00F89A79 /* retro_calcTests.swift */; };
		1ED503561CA0737B00F89A79 /* retro_calcUITests.swift in Sources */ = {isa = PBXBuildFile; fileRef = 1ED503551CA0737B00F89A79 /* retro_calcUITests.swift */; };
		1ED503641CA31E5900F89A79 /* Minecraft.ttf in Resources */ = {isa = PBXBuildFile; fileRef = 1ED503631CA31E5900F89A79 /* Minecraft.ttf */; };
		1ED503651CA31E5900F89A79 /* Minecraft.ttf in Resources */ = {isa = PBXBuildFile; fileRef = 1ED503631CA31E5900F89A79 /* Minecraft.ttf */; };
		1ED503661CA31E5900F89A79 /* Minecraft.ttf in Resources */ = {isa = PBXBuildFile; fileRef = 1ED503631CA31E5900F89A79 /* Minecraft.ttf */; };
		1ED7AA601CA9B0BB00C60935 /* btn.wav in Resources */ = {isa = PBXBuildFile; fileRef = 1ED7AA5F1CA9B0BB00C60935 /* btn.wav */; };
/* End PBXBuildFile section */

/* Begin PBXContainerItemProxy section */
		1ED503471CA0737B00F89A79 /* PBXContainerItemProxy */ = {
			isa = PBXContainerItemProxy;
			containerPortal = 1ED5032A1CA0737A00F89A79 /* Project object */;
			proxyType = 1;
			remoteGlobalIDString = 1ED503311CA0737B00F89A79;
			remoteInfo = "retro-calc";
		};
		1ED503521CA0737B00F89A79 /* PBXContainerItemProxy */ = {
			isa = PBXContainerItemProxy;
			containerPortal = 1ED5032A1CA0737A00F89A79 /* Project object */;
			proxyType = 1;
			remoteGlobalIDString = 1ED503311CA0737B00F89A79;
			remoteInfo = "retro-calc";
		};
/* End PBXContainerItemProxy section */

/* Begin PBXFileReference section */
		1ED434781CB8312400978AE0 /* StartScreenViewController.swift */ = {isa = PBXFileReference; fileEncoding = 4; lastKnownFileType = sourcecode.swift; path = StartScreenViewController.swift; sourceTree = "<group>"; };
		1ED503321CA0737B00F89A79 /* retro-calc.app */ = {isa = PBXFileReference; explicitFileType = wrapper.application; includeInIndex = 0; path = "retro-calc.app"; sourceTree = BUILT_PRODUCTS_DIR; };
		1ED503351CA0737B00F89A79 /* AppDelegate.swift */ = {isa = PBXFileReference; lastKnownFileType = sourcecode.swift; path = AppDelegate.swift; sourceTree = "<group>"; };
		1ED503371CA0737B00F89A79 /* ViewController.swift */ = {isa = PBXFileReference; lastKnownFileType = sourcecode.swift; path = ViewController.swift; sourceTree = "<group>"; };
		1ED5033A1CA0737B00F89A79 /* Base */ = {isa = PBXFileReference; lastKnownFileType = file.storyboard; name = Base; path = Base.lproj/Main.storyboard; sourceTree = "<group>"; };
		1ED5033C1CA0737B00F89A79 /* Assets.xcassets */ = {isa = PBXFileReference; lastKnownFileType = folder.assetcatalog; path = Assets.xcassets; sourceTree = "<group>"; };
		1ED5033F1CA0737B00F89A79 /* Base */ = {isa = PBXFileReference; lastKnownFileType = file.storyboard; name = Base; path = Base.lproj/LaunchScreen.storyboard; sourceTree = "<group>"; };
		1ED503411CA0737B00F89A79 /* Info.plist */ = {isa = PBXFileReference; lastKnownFileType = text.plist.xml; path = Info.plist; sourceTree = "<group>"; };
		1ED503461CA0737B00F89A79 /* retro-calcTests.xctest */ = {isa = PBXFileReference; explicitFileType = wrapper.cfbundle; includeInIndex = 0; path = "retro-calcTests.xctest"; sourceTree = BUILT_PRODUCTS_DIR; };
		1ED5034A1CA0737B00F89A79 /* retro_calcTests.swift */ = {isa = PBXFileReference; lastKnownFileType = sourcecode.swift; path = retro_calcTests.swift; sourceTree = "<group>"; };
		1ED5034C1CA0737B00F89A79 /* Info.plist */ = {isa = PBXFileReference; lastKnownFileType = text.plist.xml; path = Info.plist; sourceTree = "<group>"; };
		1ED503511CA0737B00F89A79 /* retro-calcUITests.xctest */ = {isa = PBXFileReference; explicitFileType = wrapper.cfbundle; includeInIndex = 0; path = "retro-calcUITests.xctest"; sourceTree = BUILT_PRODUCTS_DIR; };
		1ED503551CA0737B00F89A79 /* retro_calcUITests.swift */ = {isa = PBXFileReference; lastKnownFileType = sourcecode.swift; path = retro_calcUITests.swift; sourceTree = "<group>"; };
		1ED503571CA0737B00F89A79 /* Info.plist */ = {isa = PBXFileReference; lastKnownFileType = text.plist.xml; path = Info.plist; sourceTree = "<group>"; };
		1ED503631CA31E5900F89A79 /* Minecraft.ttf */ = {isa = PBXFileReference; lastKnownFileType = file; path = Minecraft.ttf; sourceTree = "<group>"; };
		1ED7AA5F1CA9B0BB00C60935 /* btn.wav */ = {isa = PBXFileReference; lastKnownFileType = audio.wav; path = btn.wav; sourceTree = "<group>"; };
/* End PBXFileReference section */

/* Begin PBXFrameworksBuildPhase section */
		1ED5032F1CA0737B00F89A79 /* Frameworks */ = {
			isa = PBXFrameworksBuildPhase;
			buildActionMask = 2147483647;
			files = (
			);
			runOnlyForDeploymentPostprocessing = 0;
		};
		1ED503431CA0737B00F89A79 /* Frameworks */ = {
			isa = PBXFrameworksBuildPhase;
			buildActionMask = 2147483647;
			files = (
			);
			runOnlyForDeploymentPostprocessing = 0;
		};
		1ED5034E1CA0737B00F89A79 /* Frameworks */ = {
			isa = PBXFrameworksBuildPhase;
			buildActionMask = 2147483647;
			files = (
			);
			runOnlyForDeploymentPostprocessing = 0;
		};
/* End PBXFrameworksBuildPhase section */

/* Begin PBXGroup section */
		1ED503291CA0737A00F89A79 = {
			isa = PBXGroup;
			children = (
				1ED503341CA0737B00F89A79 /* retro-calc */,
				1ED503491CA0737B00F89A79 /* retro-calcTests */,
				1ED503541CA0737B00F89A79 /* retro-calcUITests */,
				1ED503331CA0737B00F89A79 /* Products */,
			);
			sourceTree = "<group>";
		};
		1ED503331CA0737B00F89A79 /* Products */ = {
			isa = PBXGroup;
			children = (
				1ED503321CA0737B00F89A79 /* retro-calc.app */,
				1ED503461CA0737B00F89A79 /* retro-calcTests.xctest */,
				1ED503511CA0737B00F89A79 /* retro-calcUITests.xctest */,
			);
			name = Products;
			sourceTree = "<group>";
		};
		1ED503341CA0737B00F89A79 /* retro-calc */ = {
			isa = PBXGroup;
			children = (
				1ED503351CA0737B00F89A79 /* AppDelegate.swift */,
				1ED503371CA0737B00F89A79 /* ViewController.swift */,
				1ED503391CA0737B00F89A79 /* Main.storyboard */,
				1ED434781CB8312400978AE0 /* StartScreenViewController.swift */,
				1ED5033C1CA0737B00F89A79 /* Assets.xcassets */,
				1ED7AA5F1CA9B0BB00C60935 /* btn.wav */,
				1ED503631CA31E5900F89A79 /* Minecraft.ttf */,
				1ED5033E1CA0737B00F89A79 /* LaunchScreen.storyboard */,
				1ED503411CA0737B00F89A79 /* Info.plist */,
			);
			path = "retro-calc";
			sourceTree = "<group>";
		};
		1ED503491CA0737B00F89A79 /* retro-calcTests */ = {
			isa = PBXGroup;
			children = (
				1ED5034A1CA0737B00F89A79 /* retro_calcTests.swift */,
				1ED5034C1CA0737B00F89A79 /* Info.plist */,
			);
			path = "retro-calcTests";
			sourceTree = "<group>";
		};
		1ED503541CA0737B00F89A79 /* retro-calcUITests */ = {
			isa = PBXGroup;
			children = (
				1ED503551CA0737B00F89A79 /* retro_calcUITests.swift */,
				1ED503571CA0737B00F89A79 /* Info.plist */,
			);
			path = "retro-calcUITests";
			sourceTree = "<group>";
		};
/* End PBXGroup section */

/* Begin PBXNativeTarget section */
		1ED503311CA0737B00F89A79 /* retro-calc */ = {
			isa = PBXNativeTarget;
			buildConfigurationList = 1ED5035A1CA0737B00F89A79 /* Build configuration list for PBXNativeTarget "retro-calc" */;
			buildPhases = (
				1ED5032E1CA0737B00F89A79 /* Sources */,
				1ED5032F1CA0737B00F89A79 /* Frameworks */,
				1ED503301CA0737B00F89A79 /* Resources */,
			);
			buildRules = (
			);
			dependencies = (
			);
			name = "retro-calc";
			productName = "retro-calc";
			productReference = 1ED503321CA0737B00F89A79 /* retro-calc.app */;
			productType = "com.apple.product-type.application";
		};
		1ED503451CA0737B00F89A79 /* retro-calcTests */ = {
			isa = PBXNativeTarget;
			buildConfigurationList = 1ED5035D1CA0737B00F89A79 /* Build configuration list for PBXNativeTarget "retro-calcTests" */;
			buildPhases = (
				1ED503421CA0737B00F89A79 /* Sources */,
				1ED503431CA0737B00F89A79 /* Frameworks */,
				1ED503441CA0737B00F89A79 /* Resources */,
			);
			buildRules = (
			);
			dependencies = (
				1ED503481CA0737B00F89A79 /* PBXTargetDependency */,
			);
			name = "retro-calcTests";
			productName = "retro-calcTests";
			productReference = 1ED503461CA0737B00F89A79 /* retro-calcTests.xctest */;
			productType = "com.apple.product-type.bundle.unit-test";
		};
		1ED503501CA0737B00F89A79 /* retro-calcUITests */ = {
			isa = PBXNativeTarget;
			buildConfigurationList = 1ED503601CA0737B00F89A79 /* Build configuration list for PBXNativeTarget "retro-calcUITests" */;
			buildPhases = (
				1ED5034D1CA0737B00F89A79 /* Sources */,
				1ED5034E1CA0737B00F89A79 /* Frameworks */,
				1ED5034F1CA0737B00F89A79 /* Resources */,
			);
			buildRules = (
			);
			dependencies = (
				1ED503531CA0737B00F89A79 /* PBXTargetDependency */,
			);
			name = "retro-calcUITests";
			productName = "retro-calcUITests";
			productReference = 1ED503511CA0737B00F89A79 /* retro-calcUITests.xctest */;
			productType = "com.apple.product-type.bundle.ui-testing";
		};
/* End PBXNativeTarget section */

/* Begin PBXProject section */
		1ED5032A1CA0737A00F89A79 /* Project object */ = {
			isa = PBXProject;
			attributes = {
				LastSwiftUpdateCheck = 0720;
				LastUpgradeCheck = 0720;
				ORGANIZATIONNAME = cai21;
				TargetAttributes = {
					1ED503311CA0737B00F89A79 = {
						CreatedOnToolsVersion = 7.2.1;
					};
					1ED503451CA0737B00F89A79 = {
						CreatedOnToolsVersion = 7.2.1;
						TestTargetID = 1ED503311CA0737B00F89A79;
					};
					1ED503501CA0737B00F89A79 = {
						CreatedOnToolsVersion = 7.2.1;
						TestTargetID = 1ED503311CA0737B00F89A79;
					};
				};
			};
			buildConfigurationList = 1ED5032D1CA0737A00F89A79 /* Build configuration list for PBXProject "retro-calc" */;
			compatibilityVersion = "Xcode 3.2";
			developmentRegion = English;
			hasScannedForEncodings = 0;
			knownRegions = (
				en,
				Base,
			);
			mainGroup = 1ED503291CA0737A00F89A79;
			productRefGroup = 1ED503331CA0737B00F89A79 /* Products */;
			projectDirPath = "";
			projectRoot = "";
			targets = (
				1ED503311CA0737B00F89A79 /* retro-calc */,
				1ED503451CA0737B00F89A79 /* retro-calcTests */,
				1ED503501CA0737B00F89A79 /* retro-calcUITests */,
			);
		};
/* End PBXProject section */

/* Begin PBXResourcesBuildPhase section */
		1ED503301CA0737B00F89A79 /* Resources */ = {
			isa = PBXResourcesBuildPhase;
			buildActionMask = 2147483647;
			files = (
				1ED7AA601CA9B0BB00C60935 /* btn.wav in Resources */,
				1ED503401CA0737B00F89A79 /* LaunchScreen.storyboard in Resources */,
				1ED5033D1CA0737B00F89A79 /* Assets.xcassets in Resources */,
				1ED503641CA31E5900F89A79 /* Minecraft.ttf in Resources */,
				1ED5033B1CA0737B00F89A79 /* Main.storyboard in Resources */,
			);
			runOnlyForDeploymentPostprocessing = 0;
		};
		1ED503441CA0737B00F89A79 /* Resources */ = {
			isa = PBXResourcesBuildPhase;
			buildActionMask = 2147483647;
			files = (
				1ED503651CA31E5900F89A79 /* Minecraft.ttf in Resources */,
			);
			runOnlyForDeploymentPostprocessing = 0;
		};
		1ED5034F1CA0737B00F89A79 /* Resources */ = {
			isa = PBXResourcesBuildPhase;
			buildActionMask = 2147483647;
			files = (
				1ED503661CA31E5900F89A79 /* Minecraft.ttf in Resources */,
			);
			runOnlyForDeploymentPostprocessing = 0;
		};
/* End PBXResourcesBuildPhase section */

/* Begin PBXSourcesBuildPhase section */
		1ED5032E1CA0737B00F89A79 /* Sources */ = {
			isa = PBXSourcesBuildPhase;
			buildActionMask = 2147483647;
			files = (
				1ED434791CB8312400978AE0 /* StartScreenViewController.swift in Sources */,
				1ED503381CA0737B00F89A79 /* ViewController.swift in Sources */,
				1ED503361CA0737B00F89A79 /* AppDelegate.swift in Sources */,
			);
			runOnlyForDeploymentPostprocessing = 0;
		};
		1ED503421CA0737B00F89A79 /* Sources */ = {
			isa = PBXSourcesBuildPhase;
			buildActionMask = 2147483647;
			files = (
				1ED5034B1CA0737B00F89A79 /* retro_calcTests.swift in Sources */,
			);
			runOnlyForDeploymentPostprocessing = 0;
		};
		1ED5034D1CA0737B00F89A79 /* Sources */ = {
			isa = PBXSourcesBuildPhase;
			buildActionMask = 2147483647;
			files = (
				1ED503561CA0737B00F89A79 /* retro_calcUITests.swift in Sources */,
			);
			runOnlyForDeploymentPostprocessing = 0;
		};
/* End PBXSourcesBuildPhase section */

/* Begin PBXTargetDependency section */
		1ED503481CA0737B00F89A79 /* PBXTargetDependency */ = {
			isa = PBXTargetDependency;
			target = 1ED503311CA0737B00F89A79 /* retro-calc */;
			targetProxy = 1ED503471CA0737B00F89A79 /* PBXContainerItemProxy */;
		};
		1ED503531CA0737B00F89A79 /* PBXTargetDependency */ = {
			isa = PBXTargetDependency;
			target = 1ED503311CA0737B00F89A79 /* retro-calc */;
			targetProxy = 1ED503521CA0737B00F89A79 /* PBXContainerItemProxy */;
		};
/* End PBXTargetDependency section */

/* Begin PBXVariantGroup section */
		1ED503391CA0737B00F89A79 /* Main.storyboard */ = {
			isa = PBXVariantGroup;
			children = (
				1ED5033A1CA0737B00F89A79 /* Base */,
			);
			name = Main.storyboard;
			sourceTree = "<group>";
		};
		1ED5033E1CA0737B00F89A79 /* LaunchScreen.storyboard */ = {
			isa = PBXVariantGroup;
			children = (
				1ED5033F1CA0737B00F89A79 /* Base */,
			);
			name = LaunchScreen.storyboard;
			sourceTree = "<group>";
		};
/* End PBXVariantGroup section */

/* Begin XCBuildConfiguration section */
		1ED503581CA0737B00F89A79 /* Debug */ = {
			isa = XCBuildConfiguration;
			buildSettings = {
				ALWAYS_SEARCH_USER_PATHS = NO;
				CLANG_CXX_LANGUAGE_STANDARD = "gnu++0x";
				CLANG_CXX_LIBRARY = "libc++";
				CLANG_ENABLE_MODULES = YES;
				CLANG_ENABLE_OBJC_ARC = YES;
				CLANG_WARN_BOOL_CONVERSION = YES;
				CLANG_WARN_CONSTANT_CONVERSION = YES;
				CLANG_WARN_DIRECT_OBJC_ISA_USAGE = YES_ERROR;
				CLANG_WARN_EMPTY_BODY = YES;
				CLANG_WARN_ENUM_CONVERSION = YES;
				CLANG_WARN_INT_CONVERSION = YES;
				CLANG_WARN_OBJC_ROOT_CLASS = YES_ERROR;
				CLANG_WARN_UNREACHABLE_CODE = YES;
				CLANG_WARN__DUPLICATE_METHOD_MATCH = YES;
				"CODE_SIGN_IDENTITY[sdk=iphoneos*]" = "iPhone Developer";
				COPY_PHASE_STRIP = NO;
				DEBUG_INFORMATION_FORMAT = dwarf;
				ENABLE_STRICT_OBJC_MSGSEND = YES;
				ENABLE_TESTABILITY = YES;
				GCC_C_LANGUAGE_STANDARD = gnu99;
				GCC_DYNAMIC_NO_PIC = NO;
				GCC_NO_COMMON_BLOCKS = YES;
				GCC_OPTIMIZATION_LEVEL = 0;
				GCC_PREPROCESSOR_DEFINITIONS = (
					"DEBUG=1",
					"$(inherited)",
				);
				GCC_WARN_64_TO_32_BIT_CONVERSION = YES;
				GCC_WARN_ABOUT_RETURN_TYPE = YES_ERROR;
				GCC_WARN_UNDECLARED_SELECTOR = YES;
				GCC_WARN_UNINITIALIZED_AUTOS = YES_AGGRESSIVE;
				GCC_WARN_UNUSED_FUNCTION = YES;
				GCC_WARN_UNUSED_VARIABLE = YES;
				IPHONEOS_DEPLOYMENT_TARGET = 9.2;
				MTL_ENABLE_DEBUG_INFO = YES;
				ONLY_ACTIVE_ARCH = YES;
				SDKROOT = iphoneos;
				SWIFT_OPTIMIZATION_LEVEL = "-Onone";
			};
			name = Debug;
		};
		1ED503591CA0737B00F89A79 /* Release */ = {
			isa = XCBuildConfiguration;
			buildSettings = {
				ALWAYS_SEARCH_USER_PATHS = NO;
				CLANG_CXX_LANGUAGE_STANDARD = "gnu++0x";
				CLANG_CXX_LIBRARY = "libc++";
				CLANG_ENABLE_MODULES = YES;
				CLANG_ENABLE_OBJC_ARC = YES;
				CLANG_WARN_BOOL_CONVERSION = YES;
				CLANG_WARN_CONSTANT_CONVERSION = YES;
				CLANG_WARN_DIRECT_OBJC_ISA_USAGE = YES_ERROR;
				CLANG_WARN_EMPTY_BODY = YES;
				CLANG_WARN_ENUM_CONVERSION = YES;
				CLANG_WARN_INT_CONVERSION = YES;
				CLANG_WARN_OBJC_ROOT_CLASS = YES_ERROR;
				CLANG_WARN_UNREACHABLE_CODE = YES;
				CLANG_WARN__DUPLICATE_METHOD_MATCH = YES;
				"CODE_SIGN_IDENTITY[sdk=iphoneos*]" = "iPhone Developer";
				COPY_PHASE_STRIP = NO;
				DEBUG_INFORMATION_FORMAT = "dwarf-with-dsym";
				ENABLE_NS_ASSERTIONS = NO;
				ENABLE_STRICT_OBJC_MSGSEND = YES;
				GCC_C_LANGUAGE_STANDARD = gnu99;
				GCC_NO_COMMON_BLOCKS = YES;
				GCC_WARN_64_TO_32_BIT_CONVERSION = YES;
				GCC_WARN_ABOUT_RETURN_TYPE = YES_ERROR;
				GCC_WARN_UNDECLARED_SELECTOR = YES;
				GCC_WARN_UNINITIALIZED_AUTOS = YES_AGGRESSIVE;
				GCC_WARN_UNUSED_FUNCTION = YES;
				GCC_WARN_UNUSED_VARIABLE = YES;
				IPHONEOS_DEPLOYMENT_TARGET = 9.2;
				MTL_ENABLE_DEBUG_INFO = NO;
				SDKROOT = iphoneos;
				VALIDATE_PRODUCT = YES;
			};
			name = Release;
		};
		1ED5035B1CA0737B00F89A79 /* Debug */ = {
			isa = XCBuildConfiguration;
			buildSettings = {
				ASSETCATALOG_COMPILER_APPICON_NAME = AppIcon;
				INFOPLIST_FILE = "retro-calc/Info.plist";
				LD_RUNPATH_SEARCH_PATHS = "$(inherited) @executable_path/Frameworks";
				PRODUCT_BUNDLE_IDENTIFIER = "com.example.k75t792.retro-calc";
				PRODUCT_NAME = "$(TARGET_NAME)";
			};
			name = Debug;
		};
		1ED5035C1CA0737B00F89A79 /* Release */ = {
			isa = XCBuildConfiguration;
			buildSettings = {
				ASSETCATALOG_COMPILER_APPICON_NAME = AppIcon;
				INFOPLIST_FILE = "retro-calc/Info.plist";
				LD_RUNPATH_SEARCH_PATHS = "$(inherited) @executable_path/Frameworks";
				PRODUCT_BUNDLE_IDENTIFIER = "com.example.k75t792.retro-calc";
				PRODUCT_NAME = "$(TARGET_NAME)";
			};
			name = Release;
		};
		1ED5035E1CA0737B00F89A79 /* Debug */ = {
			isa = XCBuildConfiguration;
			buildSettings = {
				BUNDLE_LOADER = "$(TEST_HOST)";
				INFOPLIST_FILE = "retro-calcTests/Info.plist";
				LD_RUNPATH_SEARCH_PATHS = "$(inherited) @executable_path/Frameworks @loader_path/Frameworks";
				PRODUCT_BUNDLE_IDENTIFIER = "com.example.k75t792.retro-calcTests";
				PRODUCT_NAME = "$(TARGET_NAME)";
				TEST_HOST = "$(BUILT_PRODUCTS_DIR)/retro-calc.app/retro-calc";
			};
			name = Debug;
		};
		1ED5035F1CA0737B00F89A79 /* Release */ = {
			isa = XCBuildConfiguration;
			buildSettings = {
				BUNDLE_LOADER = "$(TEST_HOST)";
				INFOPLIST_FILE = "retro-calcTests/Info.plist";
				LD_RUNPATH_SEARCH_PATHS = "$(inherited) @executable_path/Frameworks @loader_path/Frameworks";
				PRODUCT_BUNDLE_IDENTIFIER = "com.example.k75t792.retro-calcTests";
				PRODUCT_NAME = "$(TARGET_NAME)";
				TEST_HOST = "$(BUILT_PRODUCTS_DIR)/retro-calc.app/retro-calc";
			};
			name = Release;
		};
		1ED503611CA0737B00F89A79 /* Debug */ = {
			isa = XCBuildConfiguration;
			buildSettings = {
				INFOPLIST_FILE = "retro-calcUITests/Info.plist";
				LD_RUNPATH_SEARCH_PATHS = "$(inherited) @executable_path/Frameworks @loader_path/Frameworks";
				PRODUCT_BUNDLE_IDENTIFIER = "com.example.k75t792.retro-calcUITests";
				PRODUCT_NAME = "$(TARGET_NAME)";
				TEST_TARGET_NAME = "retro-calc";
				USES_XCTRUNNER = YES;
			};
			name = Debug;
		};
		1ED503621CA0737B00F89A79 /* Release */ = {
			isa = XCBuildConfiguration;
			buildSettings = {
				INFOPLIST_FILE = "retro-calcUITests/Info.plist";
				LD_RUNPATH_SEARCH_PATHS = "$(inherited) @executable_path/Frameworks @loader_path/Frameworks";
				PRODUCT_BUNDLE_IDENTIFIER = "com.example.k75t792.retro-calcUITests";
				PRODUCT_NAME = "$(TARGET_NAME)";
				TEST_TARGET_NAME = "retro-calc";
				USES_XCTRUNNER = YES;
			};
			name = Release;
		};
/* End XCBuildConfiguration section */

/* Begin XCConfigurationList section */
		1ED5032D1CA0737A00F89A79 /* Build configuration list for PBXProject "retro-calc" */ = {
			isa = XCConfigurationList;
			buildConfigurations = (
				1ED503581CA0737B00F89A79 /* Debug */,
				1ED503591CA0737B00F89A79 /* Release */,
			);
			defaultConfigurationIsVisible = 0;
			defaultConfigurationName = Release;
		};
		1ED5035A1CA0737B00F89A79 /* Build configuration list for PBXNativeTarget "retro-calc" */ = {
			isa = XCConfigurationList;
			buildConfigurations = (
				1ED5035B1CA0737B00F89A79 /* Debug */,
				1ED5035C1CA0737B00F89A79 /* Release */,
			);
			defaultConfigurationIsVisible = 0;
			defaultConfigurationName = Release;
		};
		1ED5035D1CA0737B00F89A79 /* Build configuration list for PBXNativeTarget "retro-calcTests" */ = {
			isa = XCConfigurationList;
			buildConfigurations = (
				1ED5035E1CA0737B00F89A79 /* Debug */,
				1ED5035F1CA0737B00F89A79 /* Release */,
			);
			defaultConfigurationIsVisible = 0;
			defaultConfigurationName = Release;
		};
		1ED503601CA0737B00F89A79 /* Build configuration list for PBXNativeTarget "retro-calcUITests" */ = {
			isa = XCConfigurationList;
			buildConfigurations = (
				1ED503611CA0737B00F89A79 /* Debug */,
				1ED503621CA0737B00F89A79 /* Release */,
			);
			defaultConfigurationIsVisible = 0;
			defaultConfigurationName = Release;
		};
/* End XCConfigurationList section */
	};
	rootObject = 1ED5032A1CA0737A00F89A79 /* Project object */;
}
